
Microsoft Visual Studio Solution File, Format Version 12.00
# Visual Studio Version 17
VisualStudioVersion = 17.0.32014.148
MinimumVisualStudioVersion = 10.0.40219.1
Project("{9A19103F-16F7-4668-BE54-9A1E7A4F7556}") = "Kriptografija-ProjektniZadatak-2022", "Kriptografija-ProjektniZadatak-2022\Kriptografija-ProjektniZadatak-2022.csproj", "{17548853-F91D-47E0-9AD1-BD5DE67F6F56}"
EndProject
Project("{2150E333-8FDC-42A3-9474-1A3956D46DE8}") = "Solution Items", "Solution Items", "{63E0DC43-5ED3-42B7-BD5E-4D314CDE724E}"
	ProjectSection(SolutionItems) = preProject
		.editorconfig = .editorconfig
	EndProjectSection
EndProject
Global
	GlobalSection(SolutionConfigurationPlatforms) = preSolution
		Debug|Any CPU = Debug|Any CPU
		Release|Any CPU = Release|Any CPU
	EndGlobalSection
	GlobalSection(ProjectConfigurationPlatforms) = postSolution
		{17548853-F91D-47E0-9AD1-BD5DE67F6F56}.Debug|Any CPU.ActiveCfg = Debug|Any CPU
		{17548853-F91D-47E0-9AD1-BD5DE67F6F56}.Debug|Any CPU.Build.0 = Debug|Any CPU
		{17548853-F91D-47E0-9AD1-BD5DE67F6F56}.Release|Any CPU.ActiveCfg = Release|Any CPU
		{17548853-F91D-47E0-9AD1-BD5DE67F6F56}.Release|Any CPU.Build.0 = Release|Any CPU
	EndGlobalSection
	GlobalSection(SolutionProperties) = preSolution
		HideSolutionNode = FALSE
	EndGlobalSection
	GlobalSection(ExtensibilityGlobals) = postSolution
		SolutionGuid = {8629CDAB-9565-4E5B-A9D6-999062FF3A19}
	EndGlobalSection
EndGlobal
